// !$*UTF8*$!
{
	archiveVersion = 1;
	classes = {
	};
	objectVersion = 48;
	objects = {

/* Begin PBXBuildFile section */
		1E1AE0CFFDEFA0897E9AD474 /* libPods-Navigation.a in Frameworks */ = {isa = PBXBuildFile; fileRef = ACA1C6C7A54D9D81DCEBE8E9 /* libPods-Navigation.a */; };
		910A968B1FCAB64C002175FA /* NativeNavigationViewController.m in Sources */ = {isa = PBXBuildFile; fileRef = 910A96891FCAB64C002175FA /* NativeNavigationViewController.m */; };
		910A968C1FCAB64C002175FA /* NativeNavigationViewController.xib in Resources */ = {isa = PBXBuildFile; fileRef = 910A968A1FCAB64C002175FA /* NativeNavigationViewController.xib */; };
		910A96901FCAC117002175FA /* NativeResultViewController.m in Sources */ = {isa = PBXBuildFile; fileRef = 910A968E1FCAC117002175FA /* NativeResultViewController.m */; };
		910A96911FCAC117002175FA /* NativeResultViewController.xib in Resources */ = {isa = PBXBuildFile; fileRef = 910A968F1FCAC117002175FA /* NativeResultViewController.xib */; };
		914E8E701FC03AD300E5F241 /* AppDelegate.m in Sources */ = {isa = PBXBuildFile; fileRef = 914E8E6F1FC03AD300E5F241 /* AppDelegate.m */; };
		914E8E731FC03AD300E5F241 /* ViewController.m in Sources */ = {isa = PBXBuildFile; fileRef = 914E8E721FC03AD300E5F241 /* ViewController.m */; };
		914E8E761FC03AD300E5F241 /* Main.storyboard in Resources */ = {isa = PBXBuildFile; fileRef = 914E8E741FC03AD300E5F241 /* Main.storyboard */; };
		914E8E781FC03AD300E5F241 /* Assets.xcassets in Resources */ = {isa = PBXBuildFile; fileRef = 914E8E771FC03AD300E5F241 /* Assets.xcassets */; };
		914E8E7B1FC03AD300E5F241 /* LaunchScreen.storyboard in Resources */ = {isa = PBXBuildFile; fileRef = 914E8E791FC03AD300E5F241 /* LaunchScreen.storyboard */; };
		914E8E7E1FC03AD300E5F241 /* main.m in Sources */ = {isa = PBXBuildFile; fileRef = 914E8E7D1FC03AD300E5F241 /* main.m */; };
/* End PBXBuildFile section */

/* Begin PBXFileReference section */
		5B1B4F74B428FA8F540BEE85 /* Pods-Navigation.release.xcconfig */ = {isa = PBXFileReference; includeInIndex = 1; lastKnownFileType = text.xcconfig; name = "Pods-Navigation.release.xcconfig"; path = "Pods/Target Support Files/Pods-Navigation/Pods-Navigation.release.xcconfig"; sourceTree = "<group>"; };
		7E7D16B291D8F08440D5A2D0 /* Pods-Navigation.debug.xcconfig */ = {isa = PBXFileReference; includeInIndex = 1; lastKnownFileType = text.xcconfig; name = "Pods-Navigation.debug.xcconfig"; path = "Pods/Target Support Files/Pods-Navigation/Pods-Navigation.debug.xcconfig"; sourceTree = "<group>"; };
		910A96881FCAB64C002175FA /* NativeNavigationViewController.h */ = {isa = PBXFileReference; lastKnownFileType = sourcecode.c.h; path = NativeNavigationViewController.h; sourceTree = "<group>"; };
		910A96891FCAB64C002175FA /* NativeNavigationViewController.m */ = {isa = PBXFileReference; lastKnownFileType = sourcecode.c.objc; path = NativeNavigationViewController.m; sourceTree = "<group>"; };
		910A968A1FCAB64C002175FA /* NativeNavigationViewController.xib */ = {isa = PBXFileReference; lastKnownFileType = file.xib; path = NativeNavigationViewController.xib; sourceTree = "<group>"; };
		910A968D1FCAC117002175FA /* NativeResultViewController.h */ = {isa = PBXFileReference; lastKnownFileType = sourcecode.c.h; path = NativeResultViewController.h; sourceTree = "<group>"; };
		910A968E1FCAC117002175FA /* NativeResultViewController.m */ = {isa = PBXFileReference; lastKnownFileType = sourcecode.c.objc; path = NativeResultViewController.m; sourceTree = "<group>"; };
		910A968F1FCAC117002175FA /* NativeResultViewController.xib */ = {isa = PBXFileReference; lastKnownFileType = file.xib; path = NativeResultViewController.xib; sourceTree = "<group>"; };
		914E8E6B1FC03AD300E5F241 /* Navigation.app */ = {isa = PBXFileReference; explicitFileType = wrapper.application; includeInIndex = 0; path = Navigation.app; sourceTree = BUILT_PRODUCTS_DIR; };
		914E8E6E1FC03AD300E5F241 /* AppDelegate.h */ = {isa = PBXFileReference; lastKnownFileType = sourcecode.c.h; path = AppDelegate.h; sourceTree = "<group>"; };
		914E8E6F1FC03AD300E5F241 /* AppDelegate.m */ = {isa = PBXFileReference; lastKnownFileType = sourcecode.c.objc; path = AppDelegate.m; sourceTree = "<group>"; };
		914E8E711FC03AD300E5F241 /* ViewController.h */ = {isa = PBXFileReference; lastKnownFileType = sourcecode.c.h; path = ViewController.h; sourceTree = "<group>"; };
		914E8E721FC03AD300E5F241 /* ViewController.m */ = {isa = PBXFileReference; lastKnownFileType = sourcecode.c.objc; path = ViewController.m; sourceTree = "<group>"; };
		914E8E751FC03AD300E5F241 /* Base */ = {isa = PBXFileReference; lastKnownFileType = file.storyboard; name = Base; path = Base.lproj/Main.storyboard; sourceTree = "<group>"; };
		914E8E771FC03AD300E5F241 /* Assets.xcassets */ = {isa = PBXFileReference; lastKnownFileType = folder.assetcatalog; path = Assets.xcassets; sourceTree = "<group>"; };
		914E8E7A1FC03AD300E5F241 /* Base */ = {isa = PBXFileReference; lastKnownFileType = file.storyboard; name = Base; path = Base.lproj/LaunchScreen.storyboard; sourceTree = "<group>"; };
		914E8E7C1FC03AD300E5F241 /* Info.plist */ = {isa = PBXFileReference; lastKnownFileType = text.plist.xml; path = Info.plist; sourceTree = "<group>"; };
		914E8E7D1FC03AD300E5F241 /* main.m */ = {isa = PBXFileReference; lastKnownFileType = sourcecode.c.objc; path = main.m; sourceTree = "<group>"; };
		ACA1C6C7A54D9D81DCEBE8E9 /* libPods-Navigation.a */ = {isa = PBXFileReference; explicitFileType = archive.ar; includeInIndex = 0; path = "libPods-Navigation.a"; sourceTree = BUILT_PRODUCTS_DIR; };
/* End PBXFileReference section */

/* Begin PBXFrameworksBuildPhase section */
		914E8E681FC03AD300E5F241 /* Frameworks */ = {
			isa = PBXFrameworksBuildPhase;
			buildActionMask = 2147483647;
			files = (
				1E1AE0CFFDEFA0897E9AD474 /* libPods-Navigation.a in Frameworks */,
			);
			runOnlyForDeploymentPostprocessing = 0;
		};
/* End PBXFrameworksBuildPhase section */

/* Begin PBXGroup section */
		914E8E621FC03AD300E5F241 = {
			isa = PBXGroup;
			children = (
				914E8E6D1FC03AD300E5F241 /* Navigation */,
				914E8E6C1FC03AD300E5F241 /* Products */,
				AB6D919799112C758431F021 /* Pods */,
				9E7EA43B3E457403125604F0 /* Frameworks */,
			);
			sourceTree = "<group>";
		};
		914E8E6C1FC03AD300E5F241 /* Products */ = {
			isa = PBXGroup;
			children = (
				914E8E6B1FC03AD300E5F241 /* Navigation.app */,
			);
			name = Products;
			sourceTree = "<group>";
		};
		914E8E6D1FC03AD300E5F241 /* Navigation */ = {
			isa = PBXGroup;
			children = (
				914E8E6E1FC03AD300E5F241 /* AppDelegate.h */,
				914E8E6F1FC03AD300E5F241 /* AppDelegate.m */,
				914E8E711FC03AD300E5F241 /* ViewController.h */,
				914E8E721FC03AD300E5F241 /* ViewController.m */,
				914E8E741FC03AD300E5F241 /* Main.storyboard */,
				914E8E771FC03AD300E5F241 /* Assets.xcassets */,
				914E8E791FC03AD300E5F241 /* LaunchScreen.storyboard */,
				914E8E7C1FC03AD300E5F241 /* Info.plist */,
				914E8E7D1FC03AD300E5F241 /* main.m */,
				910A96881FCAB64C002175FA /* NativeNavigationViewController.h */,
				910A96891FCAB64C002175FA /* NativeNavigationViewController.m */,
				910A968A1FCAB64C002175FA /* NativeNavigationViewController.xib */,
				910A968D1FCAC117002175FA /* NativeResultViewController.h */,
				910A968E1FCAC117002175FA /* NativeResultViewController.m */,
				910A968F1FCAC117002175FA /* NativeResultViewController.xib */,
			);
			path = Navigation;
			sourceTree = "<group>";
		};
		9E7EA43B3E457403125604F0 /* Frameworks */ = {
			isa = PBXGroup;
			children = (
				ACA1C6C7A54D9D81DCEBE8E9 /* libPods-Navigation.a */,
			);
			name = Frameworks;
			sourceTree = "<group>";
		};
		AB6D919799112C758431F021 /* Pods */ = {
			isa = PBXGroup;
			children = (
				7E7D16B291D8F08440D5A2D0 /* Pods-Navigation.debug.xcconfig */,
				5B1B4F74B428FA8F540BEE85 /* Pods-Navigation.release.xcconfig */,
			);
			name = Pods;
			sourceTree = "<group>";
		};
/* End PBXGroup section */

/* Begin PBXNativeTarget section */
		914E8E6A1FC03AD300E5F241 /* Navigation */ = {
			isa = PBXNativeTarget;
			buildConfigurationList = 914E8E811FC03AD300E5F241 /* Build configuration list for PBXNativeTarget "Navigation" */;
			buildPhases = (
				A2082383C75791889450F6CC /* [CP] Check Pods Manifest.lock */,
				914E8E671FC03AD300E5F241 /* Sources */,
				914E8E681FC03AD300E5F241 /* Frameworks */,
				914E8E691FC03AD300E5F241 /* Resources */,
				C029829BEC12B26B315034A0 /* [CP] Embed Pods Frameworks */,
				15B446512C9C5FF4AA3A3CA5 /* [CP] Copy Pods Resources */,
				91E338371FC09211006A2C8B /* Bundle React Native code and images */,
			);
			buildRules = (
			);
			dependencies = (
			);
			name = Navigation;
			productName = Navigation;
			productReference = 914E8E6B1FC03AD300E5F241 /* Navigation.app */;
			productType = "com.apple.product-type.application";
		};
/* End PBXNativeTarget section */

/* Begin PBXProject section */
		914E8E631FC03AD300E5F241 /* Project object */ = {
			isa = PBXProject;
			attributes = {
				LastUpgradeCheck = 0910;
				ORGANIZATIONNAME = Listen;
				TargetAttributes = {
					914E8E6A1FC03AD300E5F241 = {
						CreatedOnToolsVersion = 9.1;
						ProvisioningStyle = Automatic;
					};
				};
			};
			buildConfigurationList = 914E8E661FC03AD300E5F241 /* Build configuration list for PBXProject "Navigation" */;
			compatibilityVersion = "Xcode 8.0";
			developmentRegion = en;
			hasScannedForEncodings = 0;
			knownRegions = (
				en,
				Base,
			);
			mainGroup = 914E8E621FC03AD300E5F241;
			productRefGroup = 914E8E6C1FC03AD300E5F241 /* Products */;
			projectDirPath = "";
			projectRoot = "";
			targets = (
				914E8E6A1FC03AD300E5F241 /* Navigation */,
			);
		};
/* End PBXProject section */

/* Begin PBXResourcesBuildPhase section */
		914E8E691FC03AD300E5F241 /* Resources */ = {
			isa = PBXResourcesBuildPhase;
			buildActionMask = 2147483647;
			files = (
				910A96911FCAC117002175FA /* NativeResultViewController.xib in Resources */,
				914E8E7B1FC03AD300E5F241 /* LaunchScreen.storyboard in Resources */,
				910A968C1FCAB64C002175FA /* NativeNavigationViewController.xib in Resources */,
				914E8E781FC03AD300E5F241 /* Assets.xcassets in Resources */,
				914E8E761FC03AD300E5F241 /* Main.storyboard in Resources */,
			);
			runOnlyForDeploymentPostprocessing = 0;
		};
/* End PBXResourcesBuildPhase section */

/* Begin PBXShellScriptBuildPhase section */
		15B446512C9C5FF4AA3A3CA5 /* [CP] Copy Pods Resources */ = {
			isa = PBXShellScriptBuildPhase;
			buildActionMask = 2147483647;
			files = (
			);
			inputPaths = (
			);
			name = "[CP] Copy Pods Resources";
			outputPaths = (
			);
			runOnlyForDeploymentPostprocessing = 0;
			shellPath = /bin/sh;
			shellScript = "\"${SRCROOT}/Pods/Target Support Files/Pods-Navigation/Pods-Navigation-resources.sh\"\n";
			showEnvVarsInLog = 0;
		};
		91E338371FC09211006A2C8B /* Bundle React Native code and images */ = {
			isa = PBXShellScriptBuildPhase;
			buildActionMask = 2147483647;
			files = (
			);
			inputPaths = (
			);
			name = "Bundle React Native code and images";
			outputPaths = (
			);
			runOnlyForDeploymentPostprocessing = 0;
			shellPath = /bin/sh;
			shellScript = "export NODE_BINARY=node\n../../node_modules/react-native/scripts/react-native-xcode.sh";
		};
		A2082383C75791889450F6CC /* [CP] Check Pods Manifest.lock */ = {
			isa = PBXShellScriptBuildPhase;
			buildActionMask = 2147483647;
			files = (
			);
			inputPaths = (
				"${PODS_PODFILE_DIR_PATH}/Podfile.lock",
				"${PODS_ROOT}/Manifest.lock",
			);
			name = "[CP] Check Pods Manifest.lock";
			outputPaths = (
				"$(DERIVED_FILE_DIR)/Pods-Navigation-checkManifestLockResult.txt",
			);
			runOnlyForDeploymentPostprocessing = 0;
			shellPath = /bin/sh;
			shellScript = "diff \"${PODS_PODFILE_DIR_PATH}/Podfile.lock\" \"${PODS_ROOT}/Manifest.lock\" > /dev/null\nif [ $? != 0 ] ; then\n    # print error to STDERR\n    echo \"error: The sandbox is not in sync with the Podfile.lock. Run 'pod install' or update your CocoaPods installation.\" >&2\n    exit 1\nfi\n# This output is used by Xcode 'outputs' to avoid re-running this script phase.\necho \"SUCCESS\" > \"${SCRIPT_OUTPUT_FILE_0}\"\n";
			showEnvVarsInLog = 0;
		};
		C029829BEC12B26B315034A0 /* [CP] Embed Pods Frameworks */ = {
			isa = PBXShellScriptBuildPhase;
			buildActionMask = 2147483647;
			files = (
			);
			inputPaths = (
			);
			name = "[CP] Embed Pods Frameworks";
			outputPaths = (
			);
			runOnlyForDeploymentPostprocessing = 0;
			shellPath = /bin/sh;
			shellScript = "\"${SRCROOT}/Pods/Target Support Files/Pods-Navigation/Pods-Navigation-frameworks.sh\"\n";
			showEnvVarsInLog = 0;
		};
/* End PBXShellScriptBuildPhase section */

/* Begin PBXSourcesBuildPhase section */
		914E8E671FC03AD300E5F241 /* Sources */ = {
			isa = PBXSourcesBuildPhase;
			buildActionMask = 2147483647;
			files = (
				914E8E731FC03AD300E5F241 /* ViewController.m in Sources */,
				914E8E7E1FC03AD300E5F241 /* main.m in Sources */,
				910A968B1FCAB64C002175FA /* NativeNavigationViewController.m in Sources */,
				910A96901FCAC117002175FA /* NativeResultViewController.m in Sources */,
				914E8E701FC03AD300E5F241 /* AppDelegate.m in Sources */,
			);
			runOnlyForDeploymentPostprocessing = 0;
		};
/* End PBXSourcesBuildPhase section */

/* Begin PBXVariantGroup section */
		914E8E741FC03AD300E5F241 /* Main.storyboard */ = {
			isa = PBXVariantGroup;
			children = (
				914E8E751FC03AD300E5F241 /* Base */,
			);
			name = Main.storyboard;
			sourceTree = "<group>";
		};
		914E8E791FC03AD300E5F241 /* LaunchScreen.storyboard */ = {
			isa = PBXVariantGroup;
			children = (
				914E8E7A1FC03AD300E5F241 /* Base */,
			);
			name = LaunchScreen.storyboard;
			sourceTree = "<group>";
		};
/* End PBXVariantGroup section */

/* Begin XCBuildConfiguration section */
		914E8E7F1FC03AD300E5F241 /* Debug */ = {
			isa = XCBuildConfiguration;
			buildSettings = {
				ALWAYS_SEARCH_USER_PATHS = NO;
				CLANG_ANALYZER_NONNULL = YES;
				CLANG_ANALYZER_NUMBER_OBJECT_CONVERSION = YES_AGGRESSIVE;
				CLANG_CXX_LANGUAGE_STANDARD = "gnu++14";
				CLANG_CXX_LIBRARY = "libc++";
				CLANG_ENABLE_MODULES = YES;
				CLANG_ENABLE_OBJC_ARC = YES;
				CLANG_WARN_BLOCK_CAPTURE_AUTORELEASING = YES;
				CLANG_WARN_BOOL_CONVERSION = YES;
				CLANG_WARN_COMMA = YES;
				CLANG_WARN_CONSTANT_CONVERSION = YES;
				CLANG_WARN_DIRECT_OBJC_ISA_USAGE = YES_ERROR;
				CLANG_WARN_DOCUMENTATION_COMMENTS = YES;
				CLANG_WARN_EMPTY_BODY = YES;
				CLANG_WARN_ENUM_CONVERSION = YES;
				CLANG_WARN_INFINITE_RECURSION = YES;
				CLANG_WARN_INT_CONVERSION = YES;
				CLANG_WARN_NON_LITERAL_NULL_CONVERSION = YES;
				CLANG_WARN_OBJC_LITERAL_CONVERSION = YES;
				CLANG_WARN_OBJC_ROOT_CLASS = YES_ERROR;
				CLANG_WARN_RANGE_LOOP_ANALYSIS = YES;
				CLANG_WARN_STRICT_PROTOTYPES = YES;
				CLANG_WARN_SUSPICIOUS_MOVE = YES;
				CLANG_WARN_UNGUARDED_AVAILABILITY = YES_AGGRESSIVE;
				CLANG_WARN_UNREACHABLE_CODE = YES;
				CLANG_WARN__DUPLICATE_METHOD_MATCH = YES;
				CODE_SIGN_IDENTITY = "iPhone Developer";
				COPY_PHASE_STRIP = NO;
				DEBUG_INFORMATION_FORMAT = dwarf;
				ENABLE_STRICT_OBJC_MSGSEND = YES;
				ENABLE_TESTABILITY = YES;
				GCC_C_LANGUAGE_STANDARD = gnu11;
				GCC_DYNAMIC_NO_PIC = NO;
				GCC_NO_COMMON_BLOCKS = YES;
				GCC_OPTIMIZATION_LEVEL = 0;
				GCC_PREPROCESSOR_DEFINITIONS = (
					"DEBUG=1",
					"$(inherited)",
				);
				GCC_WARN_64_TO_32_BIT_CONVERSION = YES;
				GCC_WARN_ABOUT_RETURN_TYPE = YES_ERROR;
				GCC_WARN_UNDECLARED_SELECTOR = YES;
				GCC_WARN_UNINITIALIZED_AUTOS = YES_AGGRESSIVE;
				GCC_WARN_UNUSED_FUNCTION = YES;
				GCC_WARN_UNUSED_VARIABLE = YES;
				IPHONEOS_DEPLOYMENT_TARGET = 11.1;
				MTL_ENABLE_DEBUG_INFO = YES;
				ONLY_ACTIVE_ARCH = YES;
				SDKROOT = iphoneos;
			};
			name = Debug;
		};
		914E8E801FC03AD300E5F241 /* Release */ = {
			isa = XCBuildConfiguration;
			buildSettings = {
				ALWAYS_SEARCH_USER_PATHS = NO;
				CLANG_ANALYZER_NONNULL = YES;
				CLANG_ANALYZER_NUMBER_OBJECT_CONVERSION = YES_AGGRESSIVE;
				CLANG_CXX_LANGUAGE_STANDARD = "gnu++14";
				CLANG_CXX_LIBRARY = "libc++";
				CLANG_ENABLE_MODULES = YES;
				CLANG_ENABLE_OBJC_ARC = YES;
				CLANG_WARN_BLOCK_CAPTURE_AUTORELEASING = YES;
				CLANG_WARN_BOOL_CONVERSION = YES;
				CLANG_WARN_COMMA = YES;
				CLANG_WARN_CONSTANT_CONVERSION = YES;
				CLANG_WARN_DIRECT_OBJC_ISA_USAGE = YES_ERROR;
				CLANG_WARN_DOCUMENTATION_COMMENTS = YES;
				CLANG_WARN_EMPTY_BODY = YES;
				CLANG_WARN_ENUM_CONVERSION = YES;
				CLANG_WARN_INFINITE_RECURSION = YES;
				CLANG_WARN_INT_CONVERSION = YES;
				CLANG_WARN_NON_LITERAL_NULL_CONVERSION = YES;
				CLANG_WARN_OBJC_LITERAL_CONVERSION = YES;
				CLANG_WARN_OBJC_ROOT_CLASS = YES_ERROR;
				CLANG_WARN_RANGE_LOOP_ANALYSIS = YES;
				CLANG_WARN_STRICT_PROTOTYPES = YES;
				CLANG_WARN_SUSPICIOUS_MOVE = YES;
				CLANG_WARN_UNGUARDED_AVAILABILITY = YES_AGGRESSIVE;
				CLANG_WARN_UNREACHABLE_CODE = YES;
				CLANG_WARN__DUPLICATE_METHOD_MATCH = YES;
				CODE_SIGN_IDENTITY = "iPhone Developer";
				COPY_PHASE_STRIP = NO;
				DEBUG_INFORMATION_FORMAT = "dwarf-with-dsym";
				ENABLE_NS_ASSERTIONS = NO;
				ENABLE_STRICT_OBJC_MSGSEND = YES;
				GCC_C_LANGUAGE_STANDARD = gnu11;
				GCC_NO_COMMON_BLOCKS = YES;
				GCC_WARN_64_TO_32_BIT_CONVERSION = YES;
				GCC_WARN_ABOUT_RETURN_TYPE = YES_ERROR;
				GCC_WARN_UNDECLARED_SELECTOR = YES;
				GCC_WARN_UNINITIALIZED_AUTOS = YES_AGGRESSIVE;
				GCC_WARN_UNUSED_FUNCTION = YES;
				GCC_WARN_UNUSED_VARIABLE = YES;
				IPHONEOS_DEPLOYMENT_TARGET = 11.1;
				MTL_ENABLE_DEBUG_INFO = NO;
				SDKROOT = iphoneos;
				VALIDATE_PRODUCT = YES;
			};
			name = Release;
		};
		914E8E821FC03AD300E5F241 /* Debug */ = {
			isa = XCBuildConfiguration;
			baseConfigurationReference = 7E7D16B291D8F08440D5A2D0 /* Pods-Navigation.debug.xcconfig */;
			buildSettings = {
				ASSETCATALOG_COMPILER_APPICON_NAME = AppIcon;
				CODE_SIGN_STYLE = Automatic;
				DEVELOPMENT_TEAM = 9H9696K6NL;
				INFOPLIST_FILE = Navigation/Info.plist;
				LD_RUNPATH_SEARCH_PATHS = "$(inherited) @executable_path/Frameworks";
				OTHER_LDFLAGS = (
					"$(inherited)",
					"-ObjC",
					"-l\"React\"",
					"-l\"stdc++\"",
					"-l\"yoga\"",
					"-framework",
					"\"JavaScriptCore\"",
					"-lc++",
				);
				PRODUCT_BUNDLE_IDENTIFIER = com.navigationhybrid.playground;
				PRODUCT_NAME = "$(TARGET_NAME)";
				TARGETED_DEVICE_FAMILY = "1,2";
			};
			name = Debug;
		};
		914E8E831FC03AD300E5F241 /* Release */ = {
			isa = XCBuildConfiguration;
			baseConfigurationReference = 5B1B4F74B428FA8F540BEE85 /* Pods-Navigation.release.xcconfig */;
			buildSettings = {
				ASSETCATALOG_COMPILER_APPICON_NAME = AppIcon;
				CODE_SIGN_STYLE = Automatic;
				DEVELOPMENT_TEAM = 9H9696K6NL;
				INFOPLIST_FILE = Navigation/Info.plist;
				LD_RUNPATH_SEARCH_PATHS = "$(inherited) @executable_path/Frameworks";
				OTHER_LDFLAGS = (
					"$(inherited)",
					"-ObjC",
					"-l\"React\"",
					"-l\"stdc++\"",
					"-l\"yoga\"",
					"-framework",
					"\"JavaScriptCore\"",
					"-lc++",
				);
				PRODUCT_BUNDLE_IDENTIFIER = com.navigationhybrid.playground;
				PRODUCT_NAME = "$(TARGET_NAME)";
				TARGETED_DEVICE_FAMILY = "1,2";
			};
			name = Release;
		};
/* End XCBuildConfiguration section */

/* Begin XCConfigurationList section */
		914E8E661FC03AD300E5F241 /* Build configuration list for PBXProject "Navigation" */ = {
			isa = XCConfigurationList;
			buildConfigurations = (
				914E8E7F1FC03AD300E5F241 /* Debug */,
				914E8E801FC03AD300E5F241 /* Release */,
			);
			defaultConfigurationIsVisible = 0;
			defaultConfigurationName = Release;
		};
		914E8E811FC03AD300E5F241 /* Build configuration list for PBXNativeTarget "Navigation" */ = {
			isa = XCConfigurationList;
			buildConfigurations = (
				914E8E821FC03AD300E5F241 /* Debug */,
				914E8E831FC03AD300E5F241 /* Release */,
			);
			defaultConfigurationIsVisible = 0;
			defaultConfigurationName = Release;
		};
/* End XCConfigurationList section */
	};
	rootObject = 914E8E631FC03AD300E5F241 /* Project object */;
}
