PODS:
  - boost-for-react-native (1.63.0)
  - DoubleConversion (1.1.6)
  - Folly (2018.10.22.00):
    - boost-for-react-native
    - DoubleConversion
    - glog
  - glog (0.3.5)
  - HudHybrid (0.38.0):
    - React
  - NavigationHybrid (0.11.16):
    - React
  - React (0.59.0):
    - React/Core (= 0.59.0)
  - React/Core (0.59.0):
    - yoga (= 0.59.0.React)
  - React/CxxBridge (0.59.0):
    - Folly (= 2018.10.22.00)
    - React/Core
    - React/cxxreact
    - React/jsiexecutor
  - React/cxxreact (0.59.0):
    - boost-for-react-native (= 1.63.0)
    - DoubleConversion
    - Folly (= 2018.10.22.00)
    - glog
    - React/jsinspector
  - React/DevSupport (0.59.0):
    - React/Core
    - React/RCTWebSocket
  - React/fishhook (0.59.0)
  - React/jsi (0.59.0):
    - DoubleConversion
    - Folly (= 2018.10.22.00)
    - glog
  - React/jsiexecutor (0.59.0):
    - DoubleConversion
    - Folly (= 2018.10.22.00)
    - glog
    - React/cxxreact
    - React/jsi
  - React/jsinspector (0.59.0)
  - React/RCTActionSheet (0.59.0):
    - React/Core
  - React/RCTAnimation (0.59.0):
    - React/Core
  - React/RCTBlob (0.59.0):
    - React/Core
  - React/RCTImage (0.59.0):
    - React/Core
    - React/RCTNetwork
  - React/RCTLinkingIOS (0.59.0):
    - React/Core
  - React/RCTNetwork (0.59.0):
    - React/Core
  - React/RCTPushNotification (0.59.0):
    - React/Core
  - React/RCTSettings (0.59.0):
    - React/Core
  - React/RCTText (0.59.0):
    - React/Core
  - React/RCTVibration (0.59.0):
    - React/Core
  - React/RCTWebSocket (0.59.0):
    - React/Core
    - React/fishhook
    - React/RCTBlob
  - RNVectorIcons (4.6.0):
    - React
  - yoga (0.59.0.React)

DEPENDENCIES:
  - DoubleConversion (from `../../node_modules/react-native/third-party-podspecs/DoubleConversion.podspec`)
  - Folly (from `../../node_modules/react-native/third-party-podspecs/Folly.podspec`)
  - glog (from `../../node_modules/react-native/third-party-podspecs/glog.podspec`)
  - HudHybrid (from `../../node_modules/react-native-hud-hybrid`)
  - NavigationHybrid (from `../../`)
  - React/Core (from `../../node_modules/react-native`)
  - React/CxxBridge (from `../../node_modules/react-native`)
  - React/DevSupport (from `../../node_modules/react-native`)
  - React/RCTActionSheet (from `../../node_modules/react-native`)
  - React/RCTAnimation (from `../../node_modules/react-native`)
  - React/RCTImage (from `../../node_modules/react-native`)
  - React/RCTLinkingIOS (from `../../node_modules/react-native`)
  - React/RCTNetwork (from `../../node_modules/react-native`)
  - React/RCTPushNotification (from `../../node_modules/react-native`)
  - React/RCTSettings (from `../../node_modules/react-native`)
  - React/RCTText (from `../../node_modules/react-native`)
  - React/RCTVibration (from `../../node_modules/react-native`)
  - React/RCTWebSocket (from `../../node_modules/react-native`)
  - RNVectorIcons (from `../../node_modules/react-native-vector-icons`)
  - yoga (from `../../node_modules/react-native/ReactCommon/yoga`)

SPEC REPOS:
  https://github.com/cocoapods/specs.git:
    - boost-for-react-native

EXTERNAL SOURCES:
  DoubleConversion:
    :podspec: "../../node_modules/react-native/third-party-podspecs/DoubleConversion.podspec"
  Folly:
    :podspec: "../../node_modules/react-native/third-party-podspecs/Folly.podspec"
  glog:
    :podspec: "../../node_modules/react-native/third-party-podspecs/glog.podspec"
  HudHybrid:
    :path: "../../node_modules/react-native-hud-hybrid"
  NavigationHybrid:
    :path: "../../"
  React:
    :path: "../../node_modules/react-native"
  RNVectorIcons:
    :path: "../../node_modules/react-native-vector-icons"
  yoga:
    :path: "../../node_modules/react-native/ReactCommon/yoga"

SPEC CHECKSUMS:
  boost-for-react-native: 39c7adb57c4e60d6c5479dd8623128eb5b3f0f2c
  DoubleConversion: bb338842f62ab1d708ceb63ec3d999f0f3d98ecd
  Folly: de497beb10f102453a1afa9edbf8cf8a251890de
  glog: aefd1eb5dda2ab95ba0938556f34b98e2da3a60d
  HudHybrid: f8272285965d770a79cf89c617bd6caf85f4a2a7
  NavigationHybrid: 8ee1e7c0651063c8cc8af32049507946c0180385
  React: 1d605e098d69bdf08960787f3446f0a9dc2e2ccf
  RNVectorIcons: c0dbfbf6068fefa240c37b0f71bd03b45dddac44
  yoga: 128daf064cacaede0c3bb27424b6b4c71052e6cd

PODFILE CHECKSUM: 1fbfb49a0d6cf34a163a9bf1e46645b9b46d2d55

COCOAPODS: 1.5.3
